schema: '2.0'
stages:
  data_ingestion:
    cmd: python src/data/data_ingestion.py
    deps:
    - path: src/data/data_ingestion.py
      hash: md5
      md5: f6cae1c6869c73d885d4eb7d1e14f7ab
      size: 2798
    outs:
    - path: data/raw
      hash: md5
      md5: bb64e32432a5719a8c80444569f8ca0a.dir
      size: 668739
      nfiles: 2
  transformations:
    cmd: python src/features/transformations.py
    deps:
    - path: data/raw
      hash: md5
      md5: bb64e32432a5719a8c80444569f8ca0a.dir
      size: 668739
      nfiles: 2
    - path: src/features/transformations.py
      hash: md5
      md5: 512b43c9fcd505497dcaa0888ec741e0
      size: 3426
    outs:
    - path: data/processed
      hash: md5
      md5: 08046280b51f99866beb081cdf78b78e.dir
      size: 2802989
      nfiles: 2
    - path: models/scaler.joblib
      hash: md5
      md5: ac58f4b535b2f14cfbc81f6de7d7c386
      size: 1463
  train_model:
    cmd: python src/models/train_model.py
    deps:
    - path: data/processed
      hash: md5
      md5: 08046280b51f99866beb081cdf78b78e.dir
      size: 2802989
      nfiles: 2
    - path: src/models/train_model.py
      hash: md5
      md5: 5d435a99a995616d417e47604452d357
      size: 2869
    outs:
    - path: models/model.pkl
      hash: md5
      md5: 9da69780efef9e39fd7319509c70c7a5
      size: 39272
  prediction:
    cmd: python src/models/predict_model.py
    deps:
    - path: data/processed
      hash: md5
      md5: 08046280b51f99866beb081cdf78b78e.dir
      size: 2802989
      nfiles: 2
    - path: models/model.pkl
      hash: md5
      md5: 9da69780efef9e39fd7319509c70c7a5
      size: 39272
    - path: src/models/predict_model.py
      hash: md5
      md5: ce276c247609a00bf0457d97d0d98336
      size: 4563
    outs:
    - path: reports/metrics.json
      hash: md5
      md5: 0d072a3f77604fd66de178ebfb98f4aa
      size: 28
    - path: reports/run_info.json
      hash: md5
      md5: 2a175dca7d92648bb52252ab214654d3
      size: 69
  register_model:
    cmd: python src/models/register_model.py
    deps:
    - path: reports/run_info.json
      hash: md5
      md5: 2a175dca7d92648bb52252ab214654d3
      size: 69
    - path: src/models/register_model.py
      hash: md5
      md5: f5d19c46192a15e2bd545ef57b547cac
      size: 970
