schema: '2.0'
stages:
  data_ingestion:
    cmd: python src/data/data_ingestion.py
    deps:
    - path: src/data/data_ingestion.py
      hash: md5
      md5: 171c6add85fffdbceb297138d1aacf3f
      size: 2700
    outs:
    - path: data/raw
      hash: md5
      md5: c9933f600c664882d1a46a37e66e8f00.dir
      size: 909758
      nfiles: 2
  transformations:
    cmd: python src/features/transformations.py
    deps:
    - path: data/raw
      hash: md5
      md5: c9933f600c664882d1a46a37e66e8f00.dir
      size: 909758
      nfiles: 2
    - path: src/features/transformations.py
      hash: md5
      md5: 424d7291a665327b6b0a8960d3a10d8d
      size: 3401
    outs:
    - path: data/processed
      hash: md5
      md5: bf955ae35a89a769488a49c61e00d799.dir
      size: 3847915
      nfiles: 2
    - path: models/scaler.joblib
      hash: md5
      md5: 5e2806714762039e926393b22e151576
      size: 1631
  train_model:
    cmd: python src/models/train_model.py
    deps:
    - path: data/processed
      hash: md5
      md5: bf955ae35a89a769488a49c61e00d799.dir
      size: 3847915
      nfiles: 2
    - path: src/models/train_model.py
      hash: md5
      md5: 5d435a99a995616d417e47604452d357
      size: 2869
    outs:
    - path: models/model.pkl
      hash: md5
      md5: 5ed0001f72410ea536f05bb5916f4f6a
      size: 39272
  prediction:
    cmd: python src/models/predict_model.py
    deps:
    - path: data/processed
      hash: md5
      md5: bf955ae35a89a769488a49c61e00d799.dir
      size: 3847915
      nfiles: 2
    - path: models/model.pkl
      hash: md5
      md5: 5ed0001f72410ea536f05bb5916f4f6a
      size: 39272
    - path: src/models/predict_model.py
      hash: md5
      md5: ce276c247609a00bf0457d97d0d98336
      size: 4563
    outs:
    - path: reports/metrics.json
      hash: md5
      md5: 16b28a39572440843810d2f4bdbbeccd
      size: 28
    - path: reports/run_info.json
      hash: md5
      md5: 008dde9b6a9fd4ea6a4516f33035b3ed
      size: 69
  register_model:
    cmd: python src/models/register_model.py
    deps:
    - path: reports/run_info.json
      hash: md5
      md5: 008dde9b6a9fd4ea6a4516f33035b3ed
      size: 69
    - path: src/models/register_model.py
      hash: md5
      md5: f5d19c46192a15e2bd545ef57b547cac
      size: 970
